
Microsoft Visual Studio Solution File, Format Version 12.00
# Visual Studio Version 17
VisualStudioVersion = 17.5.002.0
MinimumVisualStudioVersion = 10.0.40219.1
Project("{9A19103F-16F7-4668-BE54-9A1E7A4F7556}") = "redlines", "redlines.csproj", "{ABB1058B-B929-49BE-BFA7-3D93D8C7BFEA}"
EndProject
Global
	GlobalSection(SolutionConfigurationPlatforms) = preSolution
		Debug|Any CPU = Debug|Any CPU
		Release|Any CPU = Release|Any CPU
	EndGlobalSection
	GlobalSection(ProjectConfigurationPlatforms) = postSolution
		{ABB1058B-B929-49BE-BFA7-3D93D8C7BFEA}.Debug|Any CPU.ActiveCfg = Debug|Any CPU
		{ABB1058B-B929-49BE-BFA7-3D93D8C7BFEA}.Debug|Any CPU.Build.0 = Debug|Any CPU
		{ABB1058B-B929-49BE-BFA7-3D93D8C7BFEA}.Release|Any CPU.ActiveCfg = Release|Any CPU
		{ABB1058B-B929-49BE-BFA7-3D93D8C7BFEA}.Release|Any CPU.Build.0 = Release|Any CPU
	EndGlobalSection
	GlobalSection(SolutionProperties) = preSolution
		HideSolutionNode = FALSE
	EndGlobalSection
	GlobalSection(ExtensibilityGlobals) = postSolution
		SolutionGuid = {EE9F0B5D-33E8-4477-BA5D-1C8F3EAA5CD8}
	EndGlobalSection
EndGlobal
